Microsoft Visual Studio Solution File, Format Version 12.00
# Visual Studio Version 17
VisualStudioVersion = 17.5.2.0
MinimumVisualStudioVersion = 10.0.40219.1
Project("{FAE04EC0-301F-11D3-BF4B-00C04F79EFBC}") = "basicapi", "basicapi\basicapi.csproj", "{BE2B21F3-EB5C-77C2-FEFE-6EB7B1616775}"
EndProject
Global
	GlobalSection(SolutionConfigurationPlatforms) = preSolution
		Debug|Any CPU = Debug|Any CPU
		Release|Any CPU = Release|Any CPU
	EndGlobalSection
	GlobalSection(ProjectConfigurationPlatforms) = postSolution
		{BE2B21F3-EB5C-77C2-FEFE-6EB7B1616775}.Debug|Any CPU.ActiveCfg = Debug|Any CPU
		{BE2B21F3-EB5C-77C2-FEFE-6EB7B1616775}.Debug|Any CPU.Build.0 = Debug|Any CPU
		{BE2B21F3-EB5C-77C2-FEFE-6EB7B1616775}.Release|Any CPU.ActiveCfg = Release|Any CPU
		{BE2B21F3-EB5C-77C2-FEFE-6EB7B1616775}.Release|Any CPU.Build.0 = Release|Any CPU
	EndGlobalSection
	GlobalSection(SolutionProperties) = preSolution
		HideSolutionNode = FALSE
	EndGlobalSection
	GlobalSection(ExtensibilityGlobals) = postSolution
		SolutionGuid = {F5A780C5-CB12-49DC-AC12-CB515D40788F}
	EndGlobalSection
EndGlobal
